Microsoft Visual Studio Solution File, Format Version 12.00
# Visual Studio Version 17
VisualStudioVersion = 17.5.2.0
MinimumVisualStudioVersion = 10.0.40219.1
Project("{FAE04EC0-301F-11D3-BF4B-00C04F79EFBC}") = "FileClassifierApp", "FileClassifierApp\FileClassifierApp.csproj", "{59F9F9F1-F684-AF18-9132-73F1AE25BF53}"
EndProject
Global
	GlobalSection(SolutionConfigurationPlatforms) = preSolution
		Debug|Any CPU = Debug|Any CPU
		Release|Any CPU = Release|Any CPU
	EndGlobalSection
	GlobalSection(ProjectConfigurationPlatforms) = postSolution
		{59F9F9F1-F684-AF18-9132-73F1AE25BF53}.Debug|Any CPU.ActiveCfg = Debug|Any CPU
		{59F9F9F1-F684-AF18-9132-73F1AE25BF53}.Debug|Any CPU.Build.0 = Debug|Any CPU
		{59F9F9F1-F684-AF18-9132-73F1AE25BF53}.Release|Any CPU.ActiveCfg = Release|Any CPU
		{59F9F9F1-F684-AF18-9132-73F1AE25BF53}.Release|Any CPU.Build.0 = Release|Any CPU
	EndGlobalSection
	GlobalSection(SolutionProperties) = preSolution
		HideSolutionNode = FALSE
	EndGlobalSection
	GlobalSection(ExtensibilityGlobals) = postSolution
		SolutionGuid = {8C4DBA68-B5DE-4DA2-BA28-A4E4A8917199}
	EndGlobalSection
EndGlobal
